
Microsoft Visual Studio Solution File, Format Version 12.00
# Visual Studio 15
VisualStudioVersion = 15.0.28010.2019
MinimumVisualStudioVersion = 10.0.40219.1
Project("{FAE04EC0-301F-11D3-BF4B-00C04F79EFBC}") = "FileExplorer", "FileExplorer\FileExplorer.csproj", "{EA59AEC2-2C6C-49D8-808F-CB82400BDFBF}"
EndProject
Global
	GlobalSection(SolutionConfigurationPlatforms) = preSolution
		Debug|Any CPU = Debug|Any CPU
		Release|Any CPU = Release|Any CPU
	EndGlobalSection
	GlobalSection(ProjectConfigurationPlatforms) = postSolution
		{EA59AEC2-2C6C-49D8-808F-CB82400BDFBF}.Debug|Any CPU.ActiveCfg = Debug|Any CPU
		{EA59AEC2-2C6C-49D8-808F-CB82400BDFBF}.Debug|Any CPU.Build.0 = Debug|Any CPU
		{EA59AEC2-2C6C-49D8-808F-CB82400BDFBF}.Release|Any CPU.ActiveCfg = Release|Any CPU
		{EA59AEC2-2C6C-49D8-808F-CB82400BDFBF}.Release|Any CPU.Build.0 = Release|Any CPU
	EndGlobalSection
	GlobalSection(SolutionProperties) = preSolution
		HideSolutionNode = FALSE
	EndGlobalSection
	GlobalSection(ExtensibilityGlobals) = postSolution
		SolutionGuid = {B8F2B889-D130-4A69-BD4A-4D4F2A24656A}
	EndGlobalSection
EndGlobal
